
Microsoft Visual Studio Solution File, Format Version 12.00
# Visual Studio Version 17
VisualStudioVersion = 17.10.35027.167
MinimumVisualStudioVersion = 10.0.40219.1
Project("{FAE04EC0-301F-11D3-BF4B-00C04F79EFBC}") = "ProductsAPI", "ProductsAPI\ProductsAPI.csproj", "{4FC80E40-171D-4C6A-AF03-3B17EC506C58}"
EndProject
Project("{FAE04EC0-301F-11D3-BF4B-00C04F79EFBC}") = "Domain", "Domain\Domain.csproj", "{4E42D420-B87D-4D72-AE0C-DFCC6E85FFB3}"
EndProject
Project("{FAE04EC0-301F-11D3-BF4B-00C04F79EFBC}") = "Infrastructure", "Infrastructure\Infrastructure.csproj", "{C5745BA0-05C9-4C71-A717-A26A2828F74F}"
EndProject
Project("{FAE04EC0-301F-11D3-BF4B-00C04F79EFBC}") = "Presentation", "Presentation\Presentation.csproj", "{37D97E72-84DE-4EC6-A916-CDE2B8D821FD}"
EndProject
Project("{FAE04EC0-301F-11D3-BF4B-00C04F79EFBC}") = "Application", "Application\Application.csproj", "{D8EDEA5F-E80C-4C10-8106-E38704E6E5AD}"
EndProject
Project("{FAE04EC0-301F-11D3-BF4B-00C04F79EFBC}") = "Tests", "Tests\Tests.csproj", "{1E1CD332-3230-407D-BB8C-D51C0A6C90A8}"
EndProject
Global
	GlobalSection(SolutionConfigurationPlatforms) = preSolution
		Debug|Any CPU = Debug|Any CPU
		Release|Any CPU = Release|Any CPU
	EndGlobalSection
	GlobalSection(ProjectConfigurationPlatforms) = postSolution
		{4FC80E40-171D-4C6A-AF03-3B17EC506C58}.Debug|Any CPU.ActiveCfg = Debug|Any CPU
		{4FC80E40-171D-4C6A-AF03-3B17EC506C58}.Debug|Any CPU.Build.0 = Debug|Any CPU
		{4FC80E40-171D-4C6A-AF03-3B17EC506C58}.Release|Any CPU.ActiveCfg = Release|Any CPU
		{4FC80E40-171D-4C6A-AF03-3B17EC506C58}.Release|Any CPU.Build.0 = Release|Any CPU
		{4E42D420-B87D-4D72-AE0C-DFCC6E85FFB3}.Debug|Any CPU.ActiveCfg = Debug|Any CPU
		{4E42D420-B87D-4D72-AE0C-DFCC6E85FFB3}.Debug|Any CPU.Build.0 = Debug|Any CPU
		{4E42D420-B87D-4D72-AE0C-DFCC6E85FFB3}.Release|Any CPU.ActiveCfg = Release|Any CPU
		{4E42D420-B87D-4D72-AE0C-DFCC6E85FFB3}.Release|Any CPU.Build.0 = Release|Any CPU
		{C5745BA0-05C9-4C71-A717-A26A2828F74F}.Debug|Any CPU.ActiveCfg = Debug|Any CPU
		{C5745BA0-05C9-4C71-A717-A26A2828F74F}.Debug|Any CPU.Build.0 = Debug|Any CPU
		{C5745BA0-05C9-4C71-A717-A26A2828F74F}.Release|Any CPU.ActiveCfg = Release|Any CPU
		{C5745BA0-05C9-4C71-A717-A26A2828F74F}.Release|Any CPU.Build.0 = Release|Any CPU
		{37D97E72-84DE-4EC6-A916-CDE2B8D821FD}.Debug|Any CPU.ActiveCfg = Debug|Any CPU
		{37D97E72-84DE-4EC6-A916-CDE2B8D821FD}.Debug|Any CPU.Build.0 = Debug|Any CPU
		{37D97E72-84DE-4EC6-A916-CDE2B8D821FD}.Release|Any CPU.ActiveCfg = Release|Any CPU
		{37D97E72-84DE-4EC6-A916-CDE2B8D821FD}.Release|Any CPU.Build.0 = Release|Any CPU
		{D8EDEA5F-E80C-4C10-8106-E38704E6E5AD}.Debug|Any CPU.ActiveCfg = Debug|Any CPU
		{D8EDEA5F-E80C-4C10-8106-E38704E6E5AD}.Debug|Any CPU.Build.0 = Debug|Any CPU
		{D8EDEA5F-E80C-4C10-8106-E38704E6E5AD}.Release|Any CPU.ActiveCfg = Release|Any CPU
		{D8EDEA5F-E80C-4C10-8106-E38704E6E5AD}.Release|Any CPU.Build.0 = Release|Any CPU
		{1E1CD332-3230-407D-BB8C-D51C0A6C90A8}.Debug|Any CPU.ActiveCfg = Debug|Any CPU
		{1E1CD332-3230-407D-BB8C-D51C0A6C90A8}.Debug|Any CPU.Build.0 = Debug|Any CPU
		{1E1CD332-3230-407D-BB8C-D51C0A6C90A8}.Release|Any CPU.ActiveCfg = Release|Any CPU
		{1E1CD332-3230-407D-BB8C-D51C0A6C90A8}.Release|Any CPU.Build.0 = Release|Any CPU
	EndGlobalSection
	GlobalSection(SolutionProperties) = preSolution
		HideSolutionNode = FALSE
	EndGlobalSection
	GlobalSection(ExtensibilityGlobals) = postSolution
		SolutionGuid = {D4C86BE0-EC70-4AAD-8DD7-2A12B2CD498E}
	EndGlobalSection
EndGlobal
